// !$*UTF8*$!
{
	archiveVersion = 1;
	classes = {
	};
	objectVersion = 46;
	objects = {

/* Begin PBXBuildFile section */
		00AD203E1A2BD0FC003CF441 /* main.m in Sources */ = {isa = PBXBuildFile; fileRef = 00AD203D1A2BD0FC003CF441 /* main.m */; };
		00AD20411A2BD0FC003CF441 /* AppDelegate.m in Sources */ = {isa = PBXBuildFile; fileRef = 00AD20401A2BD0FC003CF441 /* AppDelegate.m */; };
		00AD20441A2BD0FC003CF441 /* ViewController.m in Sources */ = {isa = PBXBuildFile; fileRef = 00AD20431A2BD0FC003CF441 /* ViewController.m */; };
		00AD20471A2BD0FC003CF441 /* Main.storyboard in Resources */ = {isa = PBXBuildFile; fileRef = 00AD20451A2BD0FC003CF441 /* Main.storyboard */; };
		00AD20491A2BD0FC003CF441 /* Images.xcassets in Resources */ = {isa = PBXBuildFile; fileRef = 00AD20481A2BD0FC003CF441 /* Images.xcassets */; };
		00AD204C1A2BD0FC003CF441 /* LaunchScreen.xib in Resources */ = {isa = PBXBuildFile; fileRef = 00AD204A1A2BD0FC003CF441 /* LaunchScreen.xib */; };
		00AD20581A2BD0FC003CF441 /* DataMeshTests.m in Sources */ = {isa = PBXBuildFile; fileRef = 00AD20571A2BD0FC003CF441 /* DataMeshTests.m */; };
		00AD20621A2C5219003CF441 /* MultipeerConnectivity.framework in Frameworks */ = {isa = PBXBuildFile; fileRef = 00AD20611A2C5219003CF441 /* MultipeerConnectivity.framework */; };
		00AD20651A2C799E003CF441 /* WebViewController.m in Sources */ = {isa = PBXBuildFile; fileRef = 00AD20641A2C799E003CF441 /* WebViewController.m */; };
/* End PBXBuildFile section */

/* Begin PBXContainerItemProxy section */
		00AD20521A2BD0FC003CF441 /* PBXContainerItemProxy */ = {
			isa = PBXContainerItemProxy;
			containerPortal = 00AD20301A2BD0FC003CF441 /* Project object */;
			proxyType = 1;
			remoteGlobalIDString = 00AD20371A2BD0FC003CF441;
			remoteInfo = DataMesh;
		};
/* End PBXContainerItemProxy section */

/* Begin PBXFileReference section */
		00AD20381A2BD0FC003CF441 /* DataMesh.app */ = {isa = PBXFileReference; explicitFileType = wrapper.application; includeInIndex = 0; path = DataMesh.app; sourceTree = BUILT_PRODUCTS_DIR; };
		00AD203C1A2BD0FC003CF441 /* Info.plist */ = {isa = PBXFileReference; lastKnownFileType = text.plist.xml; path = Info.plist; sourceTree = "<group>"; };
		00AD203D1A2BD0FC003CF441 /* main.m */ = {isa = PBXFileReference; lastKnownFileType = sourcecode.c.objc; path = main.m; sourceTree = "<group>"; };
		00AD203F1A2BD0FC003CF441 /* AppDelegate.h */ = {isa = PBXFileReference; lastKnownFileType = sourcecode.c.h; path = AppDelegate.h; sourceTree = "<group>"; };
		00AD20401A2BD0FC003CF441 /* AppDelegate.m */ = {isa = PBXFileReference; lastKnownFileType = sourcecode.c.objc; path = AppDelegate.m; sourceTree = "<group>"; };
		00AD20421A2BD0FC003CF441 /* ViewController.h */ = {isa = PBXFileReference; lastKnownFileType = sourcecode.c.h; path = ViewController.h; sourceTree = "<group>"; };
		00AD20431A2BD0FC003CF441 /* ViewController.m */ = {isa = PBXFileReference; lastKnownFileType = sourcecode.c.objc; path = ViewController.m; sourceTree = "<group>"; };
		00AD20461A2BD0FC003CF441 /* Base */ = {isa = PBXFileReference; lastKnownFileType = file.storyboard; name = Base; path = Base.lproj/Main.storyboard; sourceTree = "<group>"; };
		00AD20481A2BD0FC003CF441 /* Images.xcassets */ = {isa = PBXFileReference; lastKnownFileType = folder.assetcatalog; path = Images.xcassets; sourceTree = "<group>"; };
		00AD204B1A2BD0FC003CF441 /* Base */ = {isa = PBXFileReference; lastKnownFileType = file.xib; name = Base; path = Base.lproj/LaunchScreen.xib; sourceTree = "<group>"; };
		00AD20511A2BD0FC003CF441 /* DataMeshTests.xctest */ = {isa = PBXFileReference; explicitFileType = wrapper.cfbundle; includeInIndex = 0; path = DataMeshTests.xctest; sourceTree = BUILT_PRODUCTS_DIR; };
		00AD20561A2BD0FC003CF441 /* Info.plist */ = {isa = PBXFileReference; lastKnownFileType = text.plist.xml; path = Info.plist; sourceTree = "<group>"; };
		00AD20571A2BD0FC003CF441 /* DataMeshTests.m */ = {isa = PBXFileReference; lastKnownFileType = sourcecode.c.objc; path = DataMeshTests.m; sourceTree = "<group>"; };
		00AD20611A2C5219003CF441 /* MultipeerConnectivity.framework */ = {isa = PBXFileReference; lastKnownFileType = wrapper.framework; name = MultipeerConnectivity.framework; path = System/Library/Frameworks/MultipeerConnectivity.framework; sourceTree = SDKROOT; };
		00AD20631A2C799E003CF441 /* WebViewController.h */ = {isa = PBXFileReference; fileEncoding = 4; lastKnownFileType = sourcecode.c.h; path = WebViewController.h; sourceTree = "<group>"; };
		00AD20641A2C799E003CF441 /* WebViewController.m */ = {isa = PBXFileReference; fileEncoding = 4; lastKnownFileType = sourcecode.c.objc; path = WebViewController.m; sourceTree = "<group>"; };
/* End PBXFileReference section */

/* Begin PBXFrameworksBuildPhase section */
		00AD20351A2BD0FC003CF441 /* Frameworks */ = {
			isa = PBXFrameworksBuildPhase;
			buildActionMask = 2147483647;
			files = (
				00AD20621A2C5219003CF441 /* MultipeerConnectivity.framework in Frameworks */,
			);
			runOnlyForDeploymentPostprocessing = 0;
		};
		00AD204E1A2BD0FC003CF441 /* Frameworks */ = {
			isa = PBXFrameworksBuildPhase;
			buildActionMask = 2147483647;
			files = (
			);
			runOnlyForDeploymentPostprocessing = 0;
		};
/* End PBXFrameworksBuildPhase section */

/* Begin PBXGroup section */
		00AD202F1A2BD0FC003CF441 = {
			isa = PBXGroup;
			children = (
				00AD20611A2C5219003CF441 /* MultipeerConnectivity.framework */,
				00AD203A1A2BD0FC003CF441 /* DataMesh */,
				00AD20541A2BD0FC003CF441 /* DataMeshTests */,
				00AD20391A2BD0FC003CF441 /* Products */,
			);
			sourceTree = "<group>";
		};
		00AD20391A2BD0FC003CF441 /* Products */ = {
			isa = PBXGroup;
			children = (
				00AD20381A2BD0FC003CF441 /* DataMesh.app */,
				00AD20511A2BD0FC003CF441 /* DataMeshTests.xctest */,
			);
			name = Products;
			sourceTree = "<group>";
		};
		00AD203A1A2BD0FC003CF441 /* DataMesh */ = {
			isa = PBXGroup;
			children = (
				00AD203F1A2BD0FC003CF441 /* AppDelegate.h */,
				00AD20401A2BD0FC003CF441 /* AppDelegate.m */,
				00AD20421A2BD0FC003CF441 /* ViewController.h */,
				00AD20431A2BD0FC003CF441 /* ViewController.m */,
				00AD20631A2C799E003CF441 /* WebViewController.h */,
				00AD20641A2C799E003CF441 /* WebViewController.m */,
				00AD20451A2BD0FC003CF441 /* Main.storyboard */,
				00AD20481A2BD0FC003CF441 /* Images.xcassets */,
				00AD204A1A2BD0FC003CF441 /* LaunchScreen.xib */,
				00AD203B1A2BD0FC003CF441 /* Supporting Files */,
			);
			path = DataMesh;
			sourceTree = "<group>";
		};
		00AD203B1A2BD0FC003CF441 /* Supporting Files */ = {
			isa = PBXGroup;
			children = (
				00AD203C1A2BD0FC003CF441 /* Info.plist */,
				00AD203D1A2BD0FC003CF441 /* main.m */,
			);
			name = "Supporting Files";
			sourceTree = "<group>";
		};
		00AD20541A2BD0FC003CF441 /* DataMeshTests */ = {
			isa = PBXGroup;
			children = (
				00AD20571A2BD0FC003CF441 /* DataMeshTests.m */,
				00AD20551A2BD0FC003CF441 /* Supporting Files */,
			);
			path = DataMeshTests;
			sourceTree = "<group>";
		};
		00AD20551A2BD0FC003CF441 /* Supporting Files */ = {
			isa = PBXGroup;
			children = (
				00AD20561A2BD0FC003CF441 /* Info.plist */,
			);
			name = "Supporting Files";
			sourceTree = "<group>";
		};
/* End PBXGroup section */

/* Begin PBXNativeTarget section */
		00AD20371A2BD0FC003CF441 /* DataMesh */ = {
			isa = PBXNativeTarget;
			buildConfigurationList = 00AD205B1A2BD0FC003CF441 /* Build configuration list for PBXNativeTarget "DataMesh" */;
			buildPhases = (
				00AD20341A2BD0FC003CF441 /* Sources */,
				00AD20351A2BD0FC003CF441 /* Frameworks */,
				00AD20361A2BD0FC003CF441 /* Resources */,
			);
			buildRules = (
			);
			dependencies = (
			);
			name = DataMesh;
			productName = DataMesh;
			productReference = 00AD20381A2BD0FC003CF441 /* DataMesh.app */;
			productType = "com.apple.product-type.application";
		};
		00AD20501A2BD0FC003CF441 /* DataMeshTests */ = {
			isa = PBXNativeTarget;
			buildConfigurationList = 00AD205E1A2BD0FC003CF441 /* Build configuration list for PBXNativeTarget "DataMeshTests" */;
			buildPhases = (
				00AD204D1A2BD0FC003CF441 /* Sources */,
				00AD204E1A2BD0FC003CF441 /* Frameworks */,
				00AD204F1A2BD0FC003CF441 /* Resources */,
			);
			buildRules = (
			);
			dependencies = (
				00AD20531A2BD0FC003CF441 /* PBXTargetDependency */,
			);
			name = DataMeshTests;
			productName = DataMeshTests;
			productReference = 00AD20511A2BD0FC003CF441 /* DataMeshTests.xctest */;
			productType = "com.apple.product-type.bundle.unit-test";
		};
/* End PBXNativeTarget section */

/* Begin PBXProject section */
		00AD20301A2BD0FC003CF441 /* Project object */ = {
			isa = PBXProject;
			attributes = {
				LastUpgradeCheck = 0610;
				ORGANIZATIONNAME = "Myles Novick";
				TargetAttributes = {
					00AD20371A2BD0FC003CF441 = {
						CreatedOnToolsVersion = 6.1;
					};
					00AD20501A2BD0FC003CF441 = {
						CreatedOnToolsVersion = 6.1;
						TestTargetID = 00AD20371A2BD0FC003CF441;
					};
				};
			};
			buildConfigurationList = 00AD20331A2BD0FC003CF441 /* Build configuration list for PBXProject "DataMesh" */;
			compatibilityVersion = "Xcode 3.2";
			developmentRegion = English;
			hasScannedForEncodings = 0;
			knownRegions = (
				en,
				Base,
			);
			mainGroup = 00AD202F1A2BD0FC003CF441;
			productRefGroup = 00AD20391A2BD0FC003CF441 /* Products */;
			projectDirPath = "";
			projectRoot = "";
			targets = (
				00AD20371A2BD0FC003CF441 /* DataMesh */,
				00AD20501A2BD0FC003CF441 /* DataMeshTests */,
			);
		};
/* End PBXProject section */

/* Begin PBXResourcesBuildPhase section */
		00AD20361A2BD0FC003CF441 /* Resources */ = {
			isa = PBXResourcesBuildPhase;
			buildActionMask = 2147483647;
			files = (
				00AD20471A2BD0FC003CF441 /* Main.storyboard in Resources */,
				00AD204C1A2BD0FC003CF441 /* LaunchScreen.xib in Resources */,
				00AD20491A2BD0FC003CF441 /* Images.xcassets in Resources */,
			);
			runOnlyForDeploymentPostprocessing = 0;
		};
		00AD204F1A2BD0FC003CF441 /* Resources */ = {
			isa = PBXResourcesBuildPhase;
			buildActionMask = 2147483647;
			files = (
			);
			runOnlyForDeploymentPostprocessing = 0;
		};
/* End PBXResourcesBuildPhase section */

/* Begin PBXSourcesBuildPhase section */
		00AD20341A2BD0FC003CF441 /* Sources */ = {
			isa = PBXSourcesBuildPhase;
			buildActionMask = 2147483647;
			files = (
				00AD20441A2BD0FC003CF441 /* ViewController.m in Sources */,
				00AD20411A2BD0FC003CF441 /* AppDelegate.m in Sources */,
				00AD203E1A2BD0FC003CF441 /* main.m in Sources */,
				00AD20651A2C799E003CF441 /* WebViewController.m in Sources */,
			);
			runOnlyForDeploymentPostprocessing = 0;
		};
		00AD204D1A2BD0FC003CF441 /* Sources */ = {
			isa = PBXSourcesBuildPhase;
			buildActionMask = 2147483647;
			files = (
				00AD20581A2BD0FC003CF441 /* DataMeshTests.m in Sources */,
			);
			runOnlyForDeploymentPostprocessing = 0;
		};
/* End PBXSourcesBuildPhase section */

/* Begin PBXTargetDependency section */
		00AD20531A2BD0FC003CF441 /* PBXTargetDependency */ = {
			isa = PBXTargetDependency;
			target = 00AD20371A2BD0FC003CF441 /* DataMesh */;
			targetProxy = 00AD20521A2BD0FC003CF441 /* PBXContainerItemProxy */;
		};
/* End PBXTargetDependency section */

/* Begin PBXVariantGroup section */
		00AD20451A2BD0FC003CF441 /* Main.storyboard */ = {
			isa = PBXVariantGroup;
			children = (
				00AD20461A2BD0FC003CF441 /* Base */,
			);
			name = Main.storyboard;
			sourceTree = "<group>";
		};
		00AD204A1A2BD0FC003CF441 /* LaunchScreen.xib */ = {
			isa = PBXVariantGroup;
			children = (
				00AD204B1A2BD0FC003CF441 /* Base */,
			);
			name = LaunchScreen.xib;
			sourceTree = "<group>";
		};
/* End PBXVariantGroup section */

/* Begin XCBuildConfiguration section */
		00AD20591A2BD0FC003CF441 /* Debug */ = {
			isa = XCBuildConfiguration;
			buildSettings = {
				ALWAYS_SEARCH_USER_PATHS = NO;
				CLANG_CXX_LANGUAGE_STANDARD = "gnu++0x";
				CLANG_CXX_LIBRARY = "libc++";
				CLANG_ENABLE_MODULES = YES;
				CLANG_ENABLE_OBJC_ARC = YES;
				CLANG_WARN_BOOL_CONVERSION = YES;
				CLANG_WARN_CONSTANT_CONVERSION = YES;
				CLANG_WARN_DIRECT_OBJC_ISA_USAGE = YES_ERROR;
				CLANG_WARN_EMPTY_BODY = YES;
				CLANG_WARN_ENUM_CONVERSION = YES;
				CLANG_WARN_INT_CONVERSION = YES;
				CLANG_WARN_OBJC_ROOT_CLASS = YES_ERROR;
				CLANG_WARN_UNREACHABLE_CODE = YES;
				CLANG_WARN__DUPLICATE_METHOD_MATCH = YES;
				"CODE_SIGN_IDENTITY[sdk=iphoneos*]" = "iPhone Developer";
				COPY_PHASE_STRIP = NO;
				ENABLE_STRICT_OBJC_MSGSEND = YES;
				GCC_C_LANGUAGE_STANDARD = gnu99;
				GCC_DYNAMIC_NO_PIC = NO;
				GCC_OPTIMIZATION_LEVEL = 0;
				GCC_PREPROCESSOR_DEFINITIONS = (
					"DEBUG=1",
					"$(inherited)",
				);
				GCC_SYMBOLS_PRIVATE_EXTERN = NO;
				GCC_WARN_64_TO_32_BIT_CONVERSION = YES;
				GCC_WARN_ABOUT_RETURN_TYPE = YES_ERROR;
				GCC_WARN_UNDECLARED_SELECTOR = YES;
				GCC_WARN_UNINITIALIZED_AUTOS = YES_AGGRESSIVE;
				GCC_WARN_UNUSED_FUNCTION = YES;
				GCC_WARN_UNUSED_VARIABLE = YES;
				IPHONEOS_DEPLOYMENT_TARGET = 8.1;
				MTL_ENABLE_DEBUG_INFO = YES;
				ONLY_ACTIVE_ARCH = YES;
				SDKROOT = iphoneos;
				TARGETED_DEVICE_FAMILY = "1,2";
			};
			name = Debug;
		};
		00AD205A1A2BD0FC003CF441 /* Release */ = {
			isa = XCBuildConfiguration;
			buildSettings = {
				ALWAYS_SEARCH_USER_PATHS = NO;
				CLANG_CXX_LANGUAGE_STANDARD = "gnu++0x";
				CLANG_CXX_LIBRARY = "libc++";
				CLANG_ENABLE_MODULES = YES;
				CLANG_ENABLE_OBJC_ARC = YES;
				CLANG_WARN_BOOL_CONVERSION = YES;
				CLANG_WARN_CONSTANT_CONVERSION = YES;
				CLANG_WARN_DIRECT_OBJC_ISA_USAGE = YES_ERROR;
				CLANG_WARN_EMPTY_BODY = YES;
				CLANG_WARN_ENUM_CONVERSION = YES;
				CLANG_WARN_INT_CONVERSION = YES;
				CLANG_WARN_OBJC_ROOT_CLASS = YES_ERROR;
				CLANG_WARN_UNREACHABLE_CODE = YES;
				CLANG_WARN__DUPLICATE_METHOD_MATCH = YES;
				"CODE_SIGN_IDENTITY[sdk=iphoneos*]" = "iPhone Developer";
				COPY_PHASE_STRIP = YES;
				ENABLE_NS_ASSERTIONS = NO;
				ENABLE_STRICT_OBJC_MSGSEND = YES;
				GCC_C_LANGUAGE_STANDARD = gnu99;
				GCC_WARN_64_TO_32_BIT_CONVERSION = YES;
				GCC_WARN_ABOUT_RETURN_TYPE = YES_ERROR;
				GCC_WARN_UNDECLARED_SELECTOR = YES;
				GCC_WARN_UNINITIALIZED_AUTOS = YES_AGGRESSIVE;
				GCC_WARN_UNUSED_FUNCTION = YES;
				GCC_WARN_UNUSED_VARIABLE = YES;
				IPHONEOS_DEPLOYMENT_TARGET = 8.1;
				MTL_ENABLE_DEBUG_INFO = NO;
				SDKROOT = iphoneos;
				TARGETED_DEVICE_FAMILY = "1,2";
				VALIDATE_PRODUCT = YES;
			};
			name = Release;
		};
		00AD205C1A2BD0FC003CF441 /* Debug */ = {
			isa = XCBuildConfiguration;
			buildSettings = {
				ASSETCATALOG_COMPILER_APPICON_NAME = AppIcon;
				INFOPLIST_FILE = DataMesh/Info.plist;
				IPHONEOS_DEPLOYMENT_TARGET = 7.1;
				LD_RUNPATH_SEARCH_PATHS = "$(inherited) @executable_path/Frameworks";
				PRODUCT_NAME = "$(TARGET_NAME)";
			};
			name = Debug;
		};
		00AD205D1A2BD0FC003CF441 /* Release */ = {
			isa = XCBuildConfiguration;
			buildSettings = {
				ASSETCATALOG_COMPILER_APPICON_NAME = AppIcon;
				INFOPLIST_FILE = DataMesh/Info.plist;
				IPHONEOS_DEPLOYMENT_TARGET = 7.1;
				LD_RUNPATH_SEARCH_PATHS = "$(inherited) @executable_path/Frameworks";
				PRODUCT_NAME = "$(TARGET_NAME)";
			};
			name = Release;
		};
		00AD205F1A2BD0FC003CF441 /* Debug */ = {
			isa = XCBuildConfiguration;
			buildSettings = {
				BUNDLE_LOADER = "$(TEST_HOST)";
				FRAMEWORK_SEARCH_PATHS = (
					"$(SDKROOT)/Developer/Library/Frameworks",
					"$(inherited)",
				);
				GCC_PREPROCESSOR_DEFINITIONS = (
					"DEBUG=1",
					"$(inherited)",
				);
				INFOPLIST_FILE = DataMeshTests/Info.plist;
				LD_RUNPATH_SEARCH_PATHS = "$(inherited) @executable_path/Frameworks @loader_path/Frameworks";
				PRODUCT_NAME = "$(TARGET_NAME)";
				TEST_HOST = "$(BUILT_PRODUCTS_DIR)/DataMesh.app/DataMesh";
			};
			name = Debug;
		};
		00AD20601A2BD0FC003CF441 /* Release */ = {
			isa = XCBuildConfiguration;
			buildSettings = {
				BUNDLE_LOADER = "$(TEST_HOST)";
				FRAMEWORK_SEARCH_PATHS = (
					"$(SDKROOT)/Developer/Library/Frameworks",
					"$(inherited)",
				);
				INFOPLIST_FILE = DataMeshTests/Info.plist;
				LD_RUNPATH_SEARCH_PATHS = "$(inherited) @executable_path/Frameworks @loader_path/Frameworks";
				PRODUCT_NAME = "$(TARGET_NAME)";
				TEST_HOST = "$(BUILT_PRODUCTS_DIR)/DataMesh.app/DataMesh";
			};
			name = Release;
		};
/* End XCBuildConfiguration section */

/* Begin XCConfigurationList section */
		00AD20331A2BD0FC003CF441 /* Build configuration list for PBXProject "DataMesh" */ = {
			isa = XCConfigurationList;
			buildConfigurations = (
				00AD20591A2BD0FC003CF441 /* Debug */,
				00AD205A1A2BD0FC003CF441 /* Release */,
			);
			defaultConfigurationIsVisible = 0;
			defaultConfigurationName = Release;
		};
		00AD205B1A2BD0FC003CF441 /* Build configuration list for PBXNativeTarget "DataMesh" */ = {
			isa = XCConfigurationList;
			buildConfigurations = (
				00AD205C1A2BD0FC003CF441 /* Debug */,
				00AD205D1A2BD0FC003CF441 /* Release */,
			);
			defaultConfigurationIsVisible = 0;
		};
		00AD205E1A2BD0FC003CF441 /* Build configuration list for PBXNativeTarget "DataMeshTests" */ = {
			isa = XCConfigurationList;
			buildConfigurations = (
				00AD205F1A2BD0FC003CF441 /* Debug */,
				00AD20601A2BD0FC003CF441 /* Release */,
			);
			defaultConfigurationIsVisible = 0;
		};
/* End XCConfigurationList section */
	};
	rootObject = 00AD20301A2BD0FC003CF441 /* Project object */;
}
